
Microsoft Visual Studio Solution File, Format Version 11.00
# Visual C++ Express 2010
Project("{8BC9CEB8-8B4A-11D0-8D11-00A0C91BC942}") = "show_opencv_svd_freeze", "show_opencv_svd_freeze\show_opencv_svd_freeze.vcxproj", "{D44208BF-E065-4513-AE33-0E8822E5DBC9}"
EndProject
Global
	GlobalSection(SolutionConfigurationPlatforms) = preSolution
		Debug|Win32 = Debug|Win32
		Release|Win32 = Release|Win32
	EndGlobalSection
	GlobalSection(ProjectConfigurationPlatforms) = postSolution
		{D44208BF-E065-4513-AE33-0E8822E5DBC9}.Debug|Win32.ActiveCfg = Debug|Win32
		{D44208BF-E065-4513-AE33-0E8822E5DBC9}.Debug|Win32.Build.0 = Debug|Win32
		{D44208BF-E065-4513-AE33-0E8822E5DBC9}.Release|Win32.ActiveCfg = Release|Win32
		{D44208BF-E065-4513-AE33-0E8822E5DBC9}.Release|Win32.Build.0 = Release|Win32
	EndGlobalSection
	GlobalSection(SolutionProperties) = preSolution
		HideSolutionNode = FALSE
	EndGlobalSection
EndGlobal
